
Microsoft Visual Studio Solution File, Format Version 11.00
# Visual Studio 2010
Project("{FAE04EC0-301F-11D3-BF4B-00C04F79EFBC}") = "Assembly-CSharp", "Assembly-CSharp.csproj", "{4A4B2D23-23F2-0823-8445-AB28F3151563}"
EndProject
Project("{FAE04EC0-301F-11D3-BF4B-00C04F79EFBC}") = "Assembly-CSharp-Editor", "Assembly-CSharp-Editor.csproj", "{B7256F1B-B3E0-D63D-EDCD-0EDB239DD407}"
EndProject
Global
	GlobalSection(SolutionConfigurationPlatforms) = preSolution
		Debug|Any CPU = Debug|Any CPU
		Release|Any CPU = Release|Any CPU
	EndGlobalSection
	GlobalSection(ProjectConfigurationPlatforms) = postSolution
		{4A4B2D23-23F2-0823-8445-AB28F3151563}.Debug|Any CPU.ActiveCfg = Debug|Any CPU
		{4A4B2D23-23F2-0823-8445-AB28F3151563}.Debug|Any CPU.Build.0 = Debug|Any CPU
		{4A4B2D23-23F2-0823-8445-AB28F3151563}.Release|Any CPU.ActiveCfg = Release|Any CPU
		{4A4B2D23-23F2-0823-8445-AB28F3151563}.Release|Any CPU.Build.0 = Release|Any CPU
		{B7256F1B-B3E0-D63D-EDCD-0EDB239DD407}.Debug|Any CPU.ActiveCfg = Debug|Any CPU
		{B7256F1B-B3E0-D63D-EDCD-0EDB239DD407}.Debug|Any CPU.Build.0 = Debug|Any CPU
		{B7256F1B-B3E0-D63D-EDCD-0EDB239DD407}.Release|Any CPU.ActiveCfg = Release|Any CPU
		{B7256F1B-B3E0-D63D-EDCD-0EDB239DD407}.Release|Any CPU.Build.0 = Release|Any CPU
	EndGlobalSection
	GlobalSection(SolutionProperties) = preSolution
		HideSolutionNode = FALSE
	EndGlobalSection
EndGlobal
